// !$*UTF8*$!
{
	archiveVersion = 1;
	classes = {
	};
	objectVersion = 56;
	objects = {

/* Begin PBXBuildFile section */
		E57540232995D1C700A523D0 /* main.cpp in Sources */ = {isa = PBXBuildFile; fileRef = E57540222995D1C700A523D0 /* main.cpp */; };
		E57540322995D1FF00A523D0 /* libCLImageLib.dylib in Frameworks */ = {isa = PBXBuildFile; fileRef = E575402E2995D1D900A523D0 /* libCLImageLib.dylib */; };
		E57540382995D47C00A523D0 /* libCLImageLib.dylib in Embed Libraries */ = {isa = PBXBuildFile; fileRef = E575402E2995D1D900A523D0 /* libCLImageLib.dylib */; };
/* End PBXBuildFile section */

/* Begin PBXContainerItemProxy section */
		E575402D2995D1D900A523D0 /* PBXContainerItemProxy */ = {
			isa = PBXContainerItemProxy;
			containerPortal = E57540292995D1D900A523D0 /* CLImageLib.xcodeproj */;
			proxyType = 2;
			remoteGlobalIDString = E5753FCE2995D01200A523D0;
			remoteInfo = CLImageLib;
		};
		E575402F2995D1F400A523D0 /* PBXContainerItemProxy */ = {
			isa = PBXContainerItemProxy;
			containerPortal = E57540292995D1D900A523D0 /* CLImageLib.xcodeproj */;
			proxyType = 1;
			remoteGlobalIDString = E5753FCD2995D01200A523D0;
			remoteInfo = CLImageLib;
		};
/* End PBXContainerItemProxy section */

/* Begin PBXCopyFilesBuildPhase section */
		E575401D2995D1C700A523D0 /* CopyFiles */ = {
			isa = PBXCopyFilesBuildPhase;
			buildActionMask = 2147483647;
			dstPath = /usr/share/man/man1/;
			dstSubfolderSpec = 0;
			files = (
			);
			runOnlyForDeploymentPostprocessing = 1;
		};
		E57540392995D47C00A523D0 /* Embed Libraries */ = {
			isa = PBXCopyFilesBuildPhase;
			buildActionMask = 2147483647;
			dstPath = "";
			dstSubfolderSpec = 10;
			files = (
				E57540382995D47C00A523D0 /* libCLImageLib.dylib in Embed Libraries */,
			);
			name = "Embed Libraries";
			runOnlyForDeploymentPostprocessing = 0;
		};
/* End PBXCopyFilesBuildPhase section */

/* Begin PBXFileReference section */
		E575401F2995D1C700A523D0 /* MonitorCalibration */ = {isa = PBXFileReference; explicitFileType = "compiled.mach-o.executable"; includeInIndex = 0; path = MonitorCalibration; sourceTree = BUILT_PRODUCTS_DIR; };
		E57540222995D1C700A523D0 /* main.cpp */ = {isa = PBXFileReference; lastKnownFileType = sourcecode.cpp.cpp; path = main.cpp; sourceTree = "<group>"; };
		E57540292995D1D900A523D0 /* CLImageLib.xcodeproj */ = {isa = PBXFileReference; lastKnownFileType = "wrapper.pb-project"; name = CLImageLib.xcodeproj; path = ../CLImageLib/CLImageLib.xcodeproj; sourceTree = "<group>"; };
		E57540332995D29000A523D0 /* MonitorCalibration.entitlements */ = {isa = PBXFileReference; lastKnownFileType = text.plist.entitlements; path = MonitorCalibration.entitlements; sourceTree = "<group>"; };
/* End PBXFileReference section */

/* Begin PBXFrameworksBuildPhase section */
		E575401C2995D1C700A523D0 /* Frameworks */ = {
			isa = PBXFrameworksBuildPhase;
			buildActionMask = 2147483647;
			files = (
				E57540322995D1FF00A523D0 /* libCLImageLib.dylib in Frameworks */,
			);
			runOnlyForDeploymentPostprocessing = 0;
		};
/* End PBXFrameworksBuildPhase section */

/* Begin PBXGroup section */
		E57540162995D1C700A523D0 = {
			isa = PBXGroup;
			children = (
				E57540292995D1D900A523D0 /* CLImageLib.xcodeproj */,
				E57540212995D1C700A523D0 /* MonitorCalibration */,
				E57540202995D1C700A523D0 /* Products */,
				E57540312995D1FF00A523D0 /* Frameworks */,
			);
			sourceTree = "<group>";
		};
		E57540202995D1C700A523D0 /* Products */ = {
			isa = PBXGroup;
			children = (
				E575401F2995D1C700A523D0 /* MonitorCalibration */,
			);
			name = Products;
			sourceTree = "<group>";
		};
		E57540212995D1C700A523D0 /* MonitorCalibration */ = {
			isa = PBXGroup;
			children = (
				E57540332995D29000A523D0 /* MonitorCalibration.entitlements */,
				E57540222995D1C700A523D0 /* main.cpp */,
			);
			path = MonitorCalibration;
			sourceTree = "<group>";
		};
		E575402A2995D1D900A523D0 /* Products */ = {
			isa = PBXGroup;
			children = (
				E575402E2995D1D900A523D0 /* libCLImageLib.dylib */,
			);
			name = Products;
			sourceTree = "<group>";
		};
		E57540312995D1FF00A523D0 /* Frameworks */ = {
			isa = PBXGroup;
			children = (
			);
			name = Frameworks;
			sourceTree = "<group>";
		};
/* End PBXGroup section */

/* Begin PBXNativeTarget section */
		E575401E2995D1C700A523D0 /* MonitorCalibration */ = {
			isa = PBXNativeTarget;
			buildConfigurationList = E57540262995D1C700A523D0 /* Build configuration list for PBXNativeTarget "MonitorCalibration" */;
			buildPhases = (
				E575401B2995D1C700A523D0 /* Sources */,
				E575401C2995D1C700A523D0 /* Frameworks */,
				E575401D2995D1C700A523D0 /* CopyFiles */,
				E57540392995D47C00A523D0 /* Embed Libraries */,
			);
			buildRules = (
			);
			dependencies = (
				E57540302995D1F400A523D0 /* PBXTargetDependency */,
			);
			name = MonitorCalibration;
			productName = MonitorCalibration;
			productReference = E575401F2995D1C700A523D0 /* MonitorCalibration */;
			productType = "com.apple.product-type.tool";
		};
/* End PBXNativeTarget section */

/* Begin PBXProject section */
		E57540172995D1C700A523D0 /* Project object */ = {
			isa = PBXProject;
			attributes = {
				BuildIndependentTargetsInParallel = 1;
				LastUpgradeCheck = 1420;
				TargetAttributes = {
					E575401E2995D1C700A523D0 = {
						CreatedOnToolsVersion = 14.2;
					};
				};
			};
			buildConfigurationList = E575401A2995D1C700A523D0 /* Build configuration list for PBXProject "MonitorCalibration" */;
			compatibilityVersion = "Xcode 14.0";
			developmentRegion = en;
			hasScannedForEncodings = 0;
			knownRegions = (
				en,
				Base,
			);
			mainGroup = E57540162995D1C700A523D0;
			productRefGroup = E57540202995D1C700A523D0 /* Products */;
			projectDirPath = "";
			projectReferences = (
				{
					ProductGroup = E575402A2995D1D900A523D0 /* Products */;
					ProjectRef = E57540292995D1D900A523D0 /* CLImageLib.xcodeproj */;
				},
			);
			projectRoot = "";
			targets = (
				E575401E2995D1C700A523D0 /* MonitorCalibration */,
			);
		};
/* End PBXProject section */

/* Begin PBXReferenceProxy section */
		E575402E2995D1D900A523D0 /* libCLImageLib.dylib */ = {
			isa = PBXReferenceProxy;
			fileType = "compiled.mach-o.dylib";
			path = libCLImageLib.dylib;
			remoteRef = E575402D2995D1D900A523D0 /* PBXContainerItemProxy */;
			sourceTree = BUILT_PRODUCTS_DIR;
		};
/* End PBXReferenceProxy section */

/* Begin PBXSourcesBuildPhase section */
		E575401B2995D1C700A523D0 /* Sources */ = {
			isa = PBXSourcesBuildPhase;
			buildActionMask = 2147483647;
			files = (
				E57540232995D1C700A523D0 /* main.cpp in Sources */,
			);
			runOnlyForDeploymentPostprocessing = 0;
		};
/* End PBXSourcesBuildPhase section */

/* Begin PBXTargetDependency section */
		E57540302995D1F400A523D0 /* PBXTargetDependency */ = {
			isa = PBXTargetDependency;
			name = CLImageLib;
			targetProxy = E575402F2995D1F400A523D0 /* PBXContainerItemProxy */;
		};
/* End PBXTargetDependency section */

/* Begin XCBuildConfiguration section */
		E57540242995D1C700A523D0 /* Debug */ = {
			isa = XCBuildConfiguration;
			buildSettings = {
				ALWAYS_SEARCH_USER_PATHS = NO;
				CLANG_ANALYZER_NONNULL = YES;
				CLANG_ANALYZER_NUMBER_OBJECT_CONVERSION = YES_AGGRESSIVE;
				CLANG_CXX_LANGUAGE_STANDARD = "gnu++20";
				CLANG_ENABLE_MODULES = YES;
				CLANG_ENABLE_OBJC_ARC = YES;
				CLANG_ENABLE_OBJC_WEAK = YES;
				CLANG_WARN_BLOCK_CAPTURE_AUTORELEASING = YES;
				CLANG_WARN_BOOL_CONVERSION = YES;
				CLANG_WARN_COMMA = YES;
				CLANG_WARN_CONSTANT_CONVERSION = YES;
				CLANG_WARN_DEPRECATED_OBJC_IMPLEMENTATIONS = YES;
				CLANG_WARN_DIRECT_OBJC_ISA_USAGE = YES_ERROR;
				CLANG_WARN_DOCUMENTATION_COMMENTS = YES;
				CLANG_WARN_EMPTY_BODY = YES;
				CLANG_WARN_ENUM_CONVERSION = YES;
				CLANG_WARN_INFINITE_RECURSION = YES;
				CLANG_WARN_INT_CONVERSION = YES;
				CLANG_WARN_NON_LITERAL_NULL_CONVERSION = YES;
				CLANG_WARN_OBJC_IMPLICIT_RETAIN_SELF = YES;
				CLANG_WARN_OBJC_LITERAL_CONVERSION = YES;
				CLANG_WARN_OBJC_ROOT_CLASS = YES_ERROR;
				CLANG_WARN_QUOTED_INCLUDE_IN_FRAMEWORK_HEADER = YES;
				CLANG_WARN_RANGE_LOOP_ANALYSIS = YES;
				CLANG_WARN_STRICT_PROTOTYPES = YES;
				CLANG_WARN_SUSPICIOUS_MOVE = YES;
				CLANG_WARN_UNGUARDED_AVAILABILITY = YES_AGGRESSIVE;
				CLANG_WARN_UNREACHABLE_CODE = YES;
				CLANG_WARN__DUPLICATE_METHOD_MATCH = YES;
				COPY_PHASE_STRIP = NO;
				DEBUG_INFORMATION_FORMAT = dwarf;
				ENABLE_STRICT_OBJC_MSGSEND = YES;
				ENABLE_TESTABILITY = YES;
				GCC_C_LANGUAGE_STANDARD = gnu11;
				GCC_DYNAMIC_NO_PIC = NO;
				GCC_NO_COMMON_BLOCKS = YES;
				GCC_OPTIMIZATION_LEVEL = 0;
				GCC_PREPROCESSOR_DEFINITIONS = (
					"DEBUG=1",
					"$(inherited)",
				);
				GCC_WARN_64_TO_32_BIT_CONVERSION = YES;
				GCC_WARN_ABOUT_RETURN_TYPE = YES_ERROR;
				GCC_WARN_UNDECLARED_SELECTOR = YES;
				GCC_WARN_UNINITIALIZED_AUTOS = YES_AGGRESSIVE;
				GCC_WARN_UNUSED_FUNCTION = YES;
				GCC_WARN_UNUSED_VARIABLE = YES;
				MACOSX_DEPLOYMENT_TARGET = 13.1;
				MTL_ENABLE_DEBUG_INFO = INCLUDE_SOURCE;
				MTL_FAST_MATH = YES;
				ONLY_ACTIVE_ARCH = YES;
				SDKROOT = macosx;
				SYSTEM_HEADER_SEARCH_PATHS = "\"$(SRCROOT)/../src\"";
			};
			name = Debug;
		};
		E57540252995D1C700A523D0 /* Release */ = {
			isa = XCBuildConfiguration;
			buildSettings = {
				ALWAYS_SEARCH_USER_PATHS = NO;
				CLANG_ANALYZER_NONNULL = YES;
				CLANG_ANALYZER_NUMBER_OBJECT_CONVERSION = YES_AGGRESSIVE;
				CLANG_CXX_LANGUAGE_STANDARD = "gnu++20";
				CLANG_ENABLE_MODULES = YES;
				CLANG_ENABLE_OBJC_ARC = YES;
				CLANG_ENABLE_OBJC_WEAK = YES;
				CLANG_WARN_BLOCK_CAPTURE_AUTORELEASING = YES;
				CLANG_WARN_BOOL_CONVERSION = YES;
				CLANG_WARN_COMMA = YES;
				CLANG_WARN_CONSTANT_CONVERSION = YES;
				CLANG_WARN_DEPRECATED_OBJC_IMPLEMENTATIONS = YES;
				CLANG_WARN_DIRECT_OBJC_ISA_USAGE = YES_ERROR;
				CLANG_WARN_DOCUMENTATION_COMMENTS = YES;
				CLANG_WARN_EMPTY_BODY = YES;
				CLANG_WARN_ENUM_CONVERSION = YES;
				CLANG_WARN_INFINITE_RECURSION = YES;
				CLANG_WARN_INT_CONVERSION = YES;
				CLANG_WARN_NON_LITERAL_NULL_CONVERSION = YES;
				CLANG_WARN_OBJC_IMPLICIT_RETAIN_SELF = YES;
				CLANG_WARN_OBJC_LITERAL_CONVERSION = YES;
				CLANG_WARN_OBJC_ROOT_CLASS = YES_ERROR;
				CLANG_WARN_QUOTED_INCLUDE_IN_FRAMEWORK_HEADER = YES;
				CLANG_WARN_RANGE_LOOP_ANALYSIS = YES;
				CLANG_WARN_STRICT_PROTOTYPES = YES;
				CLANG_WARN_SUSPICIOUS_MOVE = YES;
				CLANG_WARN_UNGUARDED_AVAILABILITY = YES_AGGRESSIVE;
				CLANG_WARN_UNREACHABLE_CODE = YES;
				CLANG_WARN__DUPLICATE_METHOD_MATCH = YES;
				COPY_PHASE_STRIP = NO;
				DEBUG_INFORMATION_FORMAT = "dwarf-with-dsym";
				ENABLE_NS_ASSERTIONS = NO;
				ENABLE_STRICT_OBJC_MSGSEND = YES;
				GCC_C_LANGUAGE_STANDARD = gnu11;
				GCC_NO_COMMON_BLOCKS = YES;
				GCC_WARN_64_TO_32_BIT_CONVERSION = YES;
				GCC_WARN_ABOUT_RETURN_TYPE = YES_ERROR;
				GCC_WARN_UNDECLARED_SELECTOR = YES;
				GCC_WARN_UNINITIALIZED_AUTOS = YES_AGGRESSIVE;
				GCC_WARN_UNUSED_FUNCTION = YES;
				GCC_WARN_UNUSED_VARIABLE = YES;
				MACOSX_DEPLOYMENT_TARGET = 13.1;
				MTL_ENABLE_DEBUG_INFO = NO;
				MTL_FAST_MATH = YES;
				ONLY_ACTIVE_ARCH = YES;
				SDKROOT = macosx;
				SYSTEM_HEADER_SEARCH_PATHS = "\"$(SRCROOT)/../src\"";
			};
			name = Release;
		};
		E57540272995D1C700A523D0 /* Debug */ = {
			isa = XCBuildConfiguration;
			buildSettings = {
				CODE_SIGN_ENTITLEMENTS = MonitorCalibration/MonitorCalibration.entitlements;
				CODE_SIGN_STYLE = Automatic;
				DEVELOPMENT_TEAM = 4A4DGXV9V7;
				ENABLE_HARDENED_RUNTIME = NO;
				PRODUCT_NAME = "$(TARGET_NAME)";
			};
			name = Debug;
		};
		E57540282995D1C700A523D0 /* Release */ = {
			isa = XCBuildConfiguration;
			buildSettings = {
				CODE_SIGN_ENTITLEMENTS = MonitorCalibration/MonitorCalibration.entitlements;
				CODE_SIGN_STYLE = Automatic;
				DEVELOPMENT_TEAM = 4A4DGXV9V7;
				ENABLE_HARDENED_RUNTIME = NO;
				PRODUCT_NAME = "$(TARGET_NAME)";
			};
			name = Release;
		};
/* End XCBuildConfiguration section */

/* Begin XCConfigurationList section */
		E575401A2995D1C700A523D0 /* Build configuration list for PBXProject "MonitorCalibration" */ = {
			isa = XCConfigurationList;
			buildConfigurations = (
				E57540242995D1C700A523D0 /* Debug */,
				E57540252995D1C700A523D0 /* Release */,
			);
			defaultConfigurationIsVisible = 0;
			defaultConfigurationName = Release;
		};
		E57540262995D1C700A523D0 /* Build configuration list for PBXNativeTarget "MonitorCalibration" */ = {
			isa = XCConfigurationList;
			buildConfigurations = (
				E57540272995D1C700A523D0 /* Debug */,
				E57540282995D1C700A523D0 /* Release */,
			);
			defaultConfigurationIsVisible = 0;
			defaultConfigurationName = Release;
		};
/* End XCConfigurationList section */
	};
	rootObject = E57540172995D1C700A523D0 /* Project object */;
}
